// !$*UTF8*$!
{
	archiveVersion = 1;
	classes = {
	};
	objectVersion = 50;
	objects = {

/* Begin PBXBuildFile section */
		BE5306A821A2013A0067BA32 /* AppDelegate.swift in Sources */ = {isa = PBXBuildFile; fileRef = BE5306A721A2013A0067BA32 /* AppDelegate.swift */; };
		BE5306AA21A2013A0067BA32 /* TodoListViewController.swift in Sources */ = {isa = PBXBuildFile; fileRef = BE5306A921A2013A0067BA32 /* TodoListViewController.swift */; };
		BE5306AD21A2013A0067BA32 /* Main.storyboard in Resources */ = {isa = PBXBuildFile; fileRef = BE5306AB21A2013A0067BA32 /* Main.storyboard */; };
		BE5306AF21A2013B0067BA32 /* Assets.xcassets in Resources */ = {isa = PBXBuildFile; fileRef = BE5306AE21A2013B0067BA32 /* Assets.xcassets */; };
		BE5306B221A2013B0067BA32 /* LaunchScreen.storyboard in Resources */ = {isa = PBXBuildFile; fileRef = BE5306B021A2013B0067BA32 /* LaunchScreen.storyboard */; };
		BE5D4CFE2204634A004200CB /* item.swift in Sources */ = {isa = PBXBuildFile; fileRef = BE5D4CFD2204634A004200CB /* item.swift */; };
/* End PBXBuildFile section */

/* Begin PBXFileReference section */
		BE5306A421A2013A0067BA32 /* todoey.app */ = {isa = PBXFileReference; explicitFileType = wrapper.application; includeInIndex = 0; path = todoey.app; sourceTree = BUILT_PRODUCTS_DIR; };
		BE5306A721A2013A0067BA32 /* AppDelegate.swift */ = {isa = PBXFileReference; lastKnownFileType = sourcecode.swift; path = AppDelegate.swift; sourceTree = "<group>"; };
		BE5306A921A2013A0067BA32 /* TodoListViewController.swift */ = {isa = PBXFileReference; lastKnownFileType = sourcecode.swift; path = TodoListViewController.swift; sourceTree = "<group>"; };
		BE5306AC21A2013A0067BA32 /* Base */ = {isa = PBXFileReference; lastKnownFileType = file.storyboard; name = Base; path = Base.lproj/Main.storyboard; sourceTree = "<group>"; };
		BE5306AE21A2013B0067BA32 /* Assets.xcassets */ = {isa = PBXFileReference; lastKnownFileType = folder.assetcatalog; path = Assets.xcassets; sourceTree = "<group>"; };
		BE5306B121A2013B0067BA32 /* Base */ = {isa = PBXFileReference; lastKnownFileType = file.storyboard; name = Base; path = Base.lproj/LaunchScreen.storyboard; sourceTree = "<group>"; };
		BE5306B321A2013B0067BA32 /* Info.plist */ = {isa = PBXFileReference; lastKnownFileType = text.plist.xml; path = Info.plist; sourceTree = "<group>"; };
		BE5D4CFD2204634A004200CB /* item.swift */ = {isa = PBXFileReference; lastKnownFileType = sourcecode.swift; path = item.swift; sourceTree = "<group>"; };
/* End PBXFileReference section */

/* Begin PBXFrameworksBuildPhase section */
		BE5306A121A2013A0067BA32 /* Frameworks */ = {
			isa = PBXFrameworksBuildPhase;
			buildActionMask = 2147483647;
			files = (
			);
			runOnlyForDeploymentPostprocessing = 0;
		};
/* End PBXFrameworksBuildPhase section */

/* Begin PBXGroup section */
		BE53069B21A2013A0067BA32 = {
			isa = PBXGroup;
			children = (
				BE5306A621A2013A0067BA32 /* todoey */,
				BE5306A521A2013A0067BA32 /* Products */,
			);
			sourceTree = "<group>";
		};
		BE5306A521A2013A0067BA32 /* Products */ = {
			isa = PBXGroup;
			children = (
				BE5306A421A2013A0067BA32 /* todoey.app */,
			);
			name = Products;
			sourceTree = "<group>";
		};
		BE5306A621A2013A0067BA32 /* todoey */ = {
			isa = PBXGroup;
			children = (
				BE5306A721A2013A0067BA32 /* AppDelegate.swift */,
				BE5D4D0322046404004200CB /* controller */,
				BE5D4D0022046375004200CB /* Data Model */,
				BE5D4D01220463C1004200CB /* views */,
				BE5D4D02220463E7004200CB /* supporting files */,
				BE5306B321A2013B0067BA32 /* Info.plist */,
			);
			path = todoey;
			sourceTree = "<group>";
		};
		BE5D4D0022046375004200CB /* Data Model */ = {
			isa = PBXGroup;
			children = (
				BE5D4CFD2204634A004200CB /* item.swift */,
			);
			name = "Data Model";
			sourceTree = "<group>";
		};
		BE5D4D01220463C1004200CB /* views */ = {
			isa = PBXGroup;
			children = (
				BE5306AB21A2013A0067BA32 /* Main.storyboard */,
			);
			name = views;
			sourceTree = "<group>";
		};
		BE5D4D02220463E7004200CB /* supporting files */ = {
			isa = PBXGroup;
			children = (
				BE5306AE21A2013B0067BA32 /* Assets.xcassets */,
				BE5306B021A2013B0067BA32 /* LaunchScreen.storyboard */,
			);
			name = "supporting files";
			sourceTree = "<group>";
		};
		BE5D4D0322046404004200CB /* controller */ = {
			isa = PBXGroup;
			children = (
				BE5306A921A2013A0067BA32 /* TodoListViewController.swift */,
			);
			name = controller;
			sourceTree = "<group>";
		};
/* End PBXGroup section */

/* Begin PBXNativeTarget section */
		BE5306A321A2013A0067BA32 /* todoey */ = {
			isa = PBXNativeTarget;
			buildConfigurationList = BE5306B621A2013B0067BA32 /* Build configuration list for PBXNativeTarget "todoey" */;
			buildPhases = (
				BE5306A021A2013A0067BA32 /* Sources */,
				BE5306A121A2013A0067BA32 /* Frameworks */,
				BE5306A221A2013A0067BA32 /* Resources */,
			);
			buildRules = (
			);
			dependencies = (
			);
			name = todoey;
			productName = todoey;
			productReference = BE5306A421A2013A0067BA32 /* todoey.app */;
			productType = "com.apple.product-type.application";
		};
/* End PBXNativeTarget section */

/* Begin PBXProject section */
		BE53069C21A2013A0067BA32 /* Project object */ = {
			isa = PBXProject;
			attributes = {
				LastSwiftUpdateCheck = 1000;
				LastUpgradeCheck = 1000;
				ORGANIZATIONNAME = "Kamran Shaikh";
				TargetAttributes = {
					BE5306A321A2013A0067BA32 = {
						CreatedOnToolsVersion = 10.0;
					};
				};
			};
			buildConfigurationList = BE53069F21A2013A0067BA32 /* Build configuration list for PBXProject "todoey" */;
			compatibilityVersion = "Xcode 9.3";
			developmentRegion = en;
			hasScannedForEncodings = 0;
			knownRegions = (
				en,
				Base,
			);
			mainGroup = BE53069B21A2013A0067BA32;
			productRefGroup = BE5306A521A2013A0067BA32 /* Products */;
			projectDirPath = "";
			projectRoot = "";
			targets = (
				BE5306A321A2013A0067BA32 /* todoey */,
			);
		};
/* End PBXProject section */

/* Begin PBXResourcesBuildPhase section */
		BE5306A221A2013A0067BA32 /* Resources */ = {
			isa = PBXResourcesBuildPhase;
			buildActionMask = 2147483647;
			files = (
				BE5306B221A2013B0067BA32 /* LaunchScreen.storyboard in Resources */,
				BE5306AF21A2013B0067BA32 /* Assets.xcassets in Resources */,
				BE5306AD21A2013A0067BA32 /* Main.storyboard in Resources */,
			);
			runOnlyForDeploymentPostprocessing = 0;
		};
/* End PBXResourcesBuildPhase section */

/* Begin PBXSourcesBuildPhase section */
		BE5306A021A2013A0067BA32 /* Sources */ = {
			isa = PBXSourcesBuildPhase;
			buildActionMask = 2147483647;
			files = (
				BE5306AA21A2013A0067BA32 /* TodoListViewController.swift in Sources */,
				BE5D4CFE2204634A004200CB /* item.swift in Sources */,
				BE5306A821A2013A0067BA32 /* AppDelegate.swift in Sources */,
			);
			runOnlyForDeploymentPostprocessing = 0;
		};
/* End PBXSourcesBuildPhase section */

/* Begin PBXVariantGroup section */
		BE5306AB21A2013A0067BA32 /* Main.storyboard */ = {
			isa = PBXVariantGroup;
			children = (
				BE5306AC21A2013A0067BA32 /* Base */,
			);
			name = Main.storyboard;
			sourceTree = "<group>";
		};
		BE5306B021A2013B0067BA32 /* LaunchScreen.storyboard */ = {
			isa = PBXVariantGroup;
			children = (
				BE5306B121A2013B0067BA32 /* Base */,
			);
			name = LaunchScreen.storyboard;
			sourceTree = "<group>";
		};
/* End PBXVariantGroup section */

/* Begin XCBuildConfiguration section */
		BE5306B421A2013B0067BA32 /* Debug */ = {
			isa = XCBuildConfiguration;
			buildSettings = {
				ALWAYS_SEARCH_USER_PATHS = NO;
				CLANG_ANALYZER_NONNULL = YES;
				CLANG_ANALYZER_NUMBER_OBJECT_CONVERSION = YES_AGGRESSIVE;
				CLANG_CXX_LANGUAGE_STANDARD = "gnu++14";
				CLANG_CXX_LIBRARY = "libc++";
				CLANG_ENABLE_MODULES = YES;
				CLANG_ENABLE_OBJC_ARC = YES;
				CLANG_ENABLE_OBJC_WEAK = YES;
				CLANG_WARN_BLOCK_CAPTURE_AUTORELEASING = YES;
				CLANG_WARN_BOOL_CONVERSION = YES;
				CLANG_WARN_COMMA = YES;
				CLANG_WARN_CONSTANT_CONVERSION = YES;
				CLANG_WARN_DEPRECATED_OBJC_IMPLEMENTATIONS = YES;
				CLANG_WARN_DIRECT_OBJC_ISA_USAGE = YES_ERROR;
				CLANG_WARN_DOCUMENTATION_COMMENTS = YES;
				CLANG_WARN_EMPTY_BODY = YES;
				CLANG_WARN_ENUM_CONVERSION = YES;
				CLANG_WARN_INFINITE_RECURSION = YES;
				CLANG_WARN_INT_CONVERSION = YES;
				CLANG_WARN_NON_LITERAL_NULL_CONVERSION = YES;
				CLANG_WARN_OBJC_IMPLICIT_RETAIN_SELF = YES;
				CLANG_WARN_OBJC_LITERAL_CONVERSION = YES;
				CLANG_WARN_OBJC_ROOT_CLASS = YES_ERROR;
				CLANG_WARN_RANGE_LOOP_ANALYSIS = YES;
				CLANG_WARN_STRICT_PROTOTYPES = YES;
				CLANG_WARN_SUSPICIOUS_MOVE = YES;
				CLANG_WARN_UNGUARDED_AVAILABILITY = YES_AGGRESSIVE;
				CLANG_WARN_UNREACHABLE_CODE = YES;
				CLANG_WARN__DUPLICATE_METHOD_MATCH = YES;
				CODE_SIGN_IDENTITY = "iPhone Developer";
				COPY_PHASE_STRIP = NO;
				DEBUG_INFORMATION_FORMAT = dwarf;
				ENABLE_STRICT_OBJC_MSGSEND = YES;
				ENABLE_TESTABILITY = YES;
				GCC_C_LANGUAGE_STANDARD = gnu11;
				GCC_DYNAMIC_NO_PIC = NO;
				GCC_NO_COMMON_BLOCKS = YES;
				GCC_OPTIMIZATION_LEVEL = 0;
				GCC_PREPROCESSOR_DEFINITIONS = (
					"DEBUG=1",
					"$(inherited)",
				);
				GCC_WARN_64_TO_32_BIT_CONVERSION = YES;
				GCC_WARN_ABOUT_RETURN_TYPE = YES_ERROR;
				GCC_WARN_UNDECLARED_SELECTOR = YES;
				GCC_WARN_UNINITIALIZED_AUTOS = YES_AGGRESSIVE;
				GCC_WARN_UNUSED_FUNCTION = YES;
				GCC_WARN_UNUSED_VARIABLE = YES;
				IPHONEOS_DEPLOYMENT_TARGET = 12.0;
				MTL_ENABLE_DEBUG_INFO = INCLUDE_SOURCE;
				ONLY_ACTIVE_ARCH = YES;
				SDKROOT = iphoneos;
				SWIFT_ACTIVE_COMPILATION_CONDITIONS = DEBUG;
				SWIFT_OPTIMIZATION_LEVEL = "-Onone";
			};
			name = Debug;
		};
		BE5306B521A2013B0067BA32 /* Release */ = {
			isa = XCBuildConfiguration;
			buildSettings = {
				ALWAYS_SEARCH_USER_PATHS = NO;
				CLANG_ANALYZER_NONNULL = YES;
				CLANG_ANALYZER_NUMBER_OBJECT_CONVERSION = YES_AGGRESSIVE;
				CLANG_CXX_LANGUAGE_STANDARD = "gnu++14";
				CLANG_CXX_LIBRARY = "libc++";
				CLANG_ENABLE_MODULES = YES;
				CLANG_ENABLE_OBJC_ARC = YES;
				CLANG_ENABLE_OBJC_WEAK = YES;
				CLANG_WARN_BLOCK_CAPTURE_AUTORELEASING = YES;
				CLANG_WARN_BOOL_CONVERSION = YES;
				CLANG_WARN_COMMA = YES;
				CLANG_WARN_CONSTANT_CONVERSION = YES;
				CLANG_WARN_DEPRECATED_OBJC_IMPLEMENTATIONS = YES;
				CLANG_WARN_DIRECT_OBJC_ISA_USAGE = YES_ERROR;
				CLANG_WARN_DOCUMENTATION_COMMENTS = YES;
				CLANG_WARN_EMPTY_BODY = YES;
				CLANG_WARN_ENUM_CONVERSION = YES;
				CLANG_WARN_INFINITE_RECURSION = YES;
				CLANG_WARN_INT_CONVERSION = YES;
				CLANG_WARN_NON_LITERAL_NULL_CONVERSION = YES;
				CLANG_WARN_OBJC_IMPLICIT_RETAIN_SELF = YES;
				CLANG_WARN_OBJC_LITERAL_CONVERSION = YES;
				CLANG_WARN_OBJC_ROOT_CLASS = YES_ERROR;
				CLANG_WARN_RANGE_LOOP_ANALYSIS = YES;
				CLANG_WARN_STRICT_PROTOTYPES = YES;
				CLANG_WARN_SUSPICIOUS_MOVE = YES;
				CLANG_WARN_UNGUARDED_AVAILABILITY = YES_AGGRESSIVE;
				CLANG_WARN_UNREACHABLE_CODE = YES;
				CLANG_WARN__DUPLICATE_METHOD_MATCH = YES;
				CODE_SIGN_IDENTITY = "iPhone Developer";
				COPY_PHASE_STRIP = NO;
				DEBUG_INFORMATION_FORMAT = "dwarf-with-dsym";
				ENABLE_NS_ASSERTIONS = NO;
				ENABLE_STRICT_OBJC_MSGSEND = YES;
				GCC_C_LANGUAGE_STANDARD = gnu11;
				GCC_NO_COMMON_BLOCKS = YES;
				GCC_WARN_64_TO_32_BIT_CONVERSION = YES;
				GCC_WARN_ABOUT_RETURN_TYPE = YES_ERROR;
				GCC_WARN_UNDECLARED_SELECTOR = YES;
				GCC_WARN_UNINITIALIZED_AUTOS = YES_AGGRESSIVE;
				GCC_WARN_UNUSED_FUNCTION = YES;
				GCC_WARN_UNUSED_VARIABLE = YES;
				IPHONEOS_DEPLOYMENT_TARGET = 12.0;
				MTL_ENABLE_DEBUG_INFO = NO;
				SDKROOT = iphoneos;
				SWIFT_COMPILATION_MODE = wholemodule;
				SWIFT_OPTIMIZATION_LEVEL = "-O";
				VALIDATE_PRODUCT = YES;
			};
			name = Release;
		};
		BE5306B721A2013B0067BA32 /* Debug */ = {
			isa = XCBuildConfiguration;
			buildSettings = {
				ASSETCATALOG_COMPILER_APPICON_NAME = AppIcon;
				CODE_SIGN_STYLE = Automatic;
				DEVELOPMENT_TEAM = QP5NQ4W795;
				INFOPLIST_FILE = todoey/Info.plist;
				LD_RUNPATH_SEARCH_PATHS = (
					"$(inherited)",
					"@executable_path/Frameworks",
				);
				PRODUCT_BUNDLE_IDENTIFIER = com.kamran.todoey;
				PRODUCT_NAME = "$(TARGET_NAME)";
				SWIFT_VERSION = 4.2;
				TARGETED_DEVICE_FAMILY = "1,2";
			};
			name = Debug;
		};
		BE5306B821A2013B0067BA32 /* Release */ = {
			isa = XCBuildConfiguration;
			buildSettings = {
				ASSETCATALOG_COMPILER_APPICON_NAME = AppIcon;
				CODE_SIGN_STYLE = Automatic;
				DEVELOPMENT_TEAM = QP5NQ4W795;
				INFOPLIST_FILE = todoey/Info.plist;
				LD_RUNPATH_SEARCH_PATHS = (
					"$(inherited)",
					"@executable_path/Frameworks",
				);
				PRODUCT_BUNDLE_IDENTIFIER = com.kamran.todoey;
				PRODUCT_NAME = "$(TARGET_NAME)";
				SWIFT_VERSION = 4.2;
				TARGETED_DEVICE_FAMILY = "1,2";
			};
			name = Release;
		};
/* End XCBuildConfiguration section */

/* Begin XCConfigurationList section */
		BE53069F21A2013A0067BA32 /* Build configuration list for PBXProject "todoey" */ = {
			isa = XCConfigurationList;
			buildConfigurations = (
				BE5306B421A2013B0067BA32 /* Debug */,
				BE5306B521A2013B0067BA32 /* Release */,
			);
			defaultConfigurationIsVisible = 0;
			defaultConfigurationName = Release;
		};
		BE5306B621A2013B0067BA32 /* Build configuration list for PBXNativeTarget "todoey" */ = {
			isa = XCConfigurationList;
			buildConfigurations = (
				BE5306B721A2013B0067BA32 /* Debug */,
				BE5306B821A2013B0067BA32 /* Release */,
			);
			defaultConfigurationIsVisible = 0;
			defaultConfigurationName = Release;
		};
/* End XCConfigurationList section */
	};
	rootObject = BE53069C21A2013A0067BA32 /* Project object */;
}
